version = 1
revision = 3
requires-python = ">=3.12"

[[package]]
name = "modsweep"
version = "0.1.0"
source = { editable = "." }
dependencies = [
    { name = "xxhash" },
]

[package.metadata]
requires-dist = [{ name = "xxhash", specifier = ">=3.4" }]

[[package]]
name = "xxhash"
version = "3.8.0"
source = { registry = "https://pypi.org/simple" }
sdist = { url = "https://files.pythonhosted.org/packages/78/ed/07e560876a4458987511461187b285071f53cde49dd5b25cd8c51091522b/xxhash-3.8.0.tar.gz", hash = "sha256:d72b2204f37840b0f16f34192c09b994b97bd25823d723d47a1eddfacf06eb43", size = 86107, upload-time = "2026-06-27T08:17:28.798Z" }
wheels = [
    { url = "https://files.pythonhosted.org/packages/17/2e/4b7c3ab28b7a54ac17eae7e02471c49609d6fc5900856a455feeb847a2a3/xxhash-3.8.0-cp312-cp312-macosx_10_13_x86_64.whl", hash = "sha256:fc4bd14f873cd0b420f6f1ff5b5cd0dbfeb05b044a11bb9345bcbbf9749636e3", size = 34623, upload-time = "2026-06-27T08:13:16.696Z" },
    { url = "https://files.pythonhosted.org/packages/43/e4/09eea3e1bba6a59d64599cb8fba39f2a0872d06e85420eae989a4da61a9d/xxhash-3.8.0-cp312-cp312-macosx_11_0_arm64.whl", hash = "sha256:31904979198e913239cb61b49f5b849696aeb3b03340da815d1491ec74dcc602", size = 32318, upload-time = "2026-06-27T08:13:18.036Z" },
    { url = "https://files.pythonhosted.org/packages/01/59/688bbae31e4e2d6d6eb92acbd3837c0e44ff8c7d435e6da922844ff6efda/xxhash-3.8.0-cp312-cp312-manylinux1_i686.manylinux_2_28_i686.manylinux_2_5_i686.whl", hash = "sha256:7338ad13f2b273a1ef0ea97b2db0a059fdb3a1a29298bfa145937c0e4152d341", size = 220461, upload-time = "2026-06-27T08:13:19.311Z" },
    { url = "https://files.pythonhosted.org/packages/2d/de/71484ce0dab2fa4a475705d1ebc37a17ff02d40e5df6767b3255cc53120e/xxhash-3.8.0-cp312-cp312-manylinux2014_aarch64.manylinux_2_17_aarch64.manylinux_2_28_aarch64.whl", hash = "sha256:54e80e803cb34c8a1d278b491e543af40a588d288589c3e6becc991d5328b46b", size = 241110, upload-time = "2026-06-27T08:13:20.844Z" },
    { url = "https://files.pythonhosted.org/packages/bf/f9/1ac88f02e7df7898541490260b21f2b7f7bd2b233038a0cbd3a3b1bffdc2/xxhash-3.8.0-cp312-cp312-manylinux2014_armv7l.manylinux_2_17_armv7l.manylinux_2_31_armv7l.whl", hash = "sha256:353953ea18f5c3fbdd13936fb536aacfb47d5bc06eef0919b1a355df61f7cc31", size = 264779, upload-time = "2026-06-27T08:13:22.485Z" },
    { url = "https://files.pythonhosted.org/packages/25/49/7ea1f128d2fe948ed679020f97a0896cdc6c975da5cc69b53a4a9c4a5def/xxhash-3.8.0-cp312-cp312-manylinux2014_ppc64le.manylinux_2_17_ppc64le.manylinux_2_28_ppc64le.whl", hash = "sha256:d761f983a315630eff18c2fec7360c6b6946f82748026e779336eb8141ef3eba", size = 242609, upload-time = "2026-06-27T08:13:24.277Z" },
    { url = "https://files.pythonhosted.org/packages/a0/da/7d237278dfa1c48722c31010c84a328a317b8885429c8cb6ae4a8fa3e3db/xxhash-3.8.0-cp312-cp312-manylinux2014_s390x.manylinux_2_17_s390x.manylinux_2_28_s390x.whl", hash = "sha256:f3786a9beb9a3b76241cb7db5f5388b460682c12204236389e3221963fc626a6", size = 473472, upload-time = "2026-06-27T08:13:25.877Z" },
    { url = "https://files.pythonhosted.org/packages/9b/5f/980fda82620a07d80026b4df371cbca12fca0fd94d7087c4ec5d898da76f/xxhash-3.8.0-cp312-cp312-manylinux2014_x86_64.manylinux_2_17_x86_64.manylinux_2_28_x86_64.whl", hash = "sha256:a2c94f5a9a775f36cc522fa2a7e8e2cec512e252d2ac056759f753dc68a79ffc", size = 220374, upload-time = "2026-06-27T08:13:27.366Z" },
    { url = "https://files.pythonhosted.org/packages/14/71/efa37bc3e91e1c801972bcef99eab877fcbd17ec10aca16c550ee2951107/xxhash-3.8.0-cp312-cp312-manylinux_2_31_riscv64.manylinux_2_39_riscv64.whl", hash = "sha256:55ce59f9af37ac861947b43ea3ce7b294b5de77a1234b558d0f07ffad0197624", size = 310220, upload-time = "2026-06-27T08:13:28.804Z" },
    { url = "https://files.pythonhosted.org/packages/9d/48/19e40320044dc7051e8446505f18557d5661853b87a8770ad399325bb3c8/xxhash-3.8.0-cp312-cp312-musllinux_1_2_aarch64.whl", hash = "sha256:3afa1422a32c7c8e79ad5121dc21eaa5cee9e9e67bffca3f15d15d220d371908", size = 238100, upload-time = "2026-06-27T08:13:30.378Z" },
    { url = "https://files.pythonhosted.org/packages/d3/0d/588499f4d7cd064864ada7adfb9e8785f88a988f1332ed4c1be73d249c15/xxhash-3.8.0-cp312-cp312-musllinux_1_2_armv7l.whl", hash = "sha256:551fda694938be910529452a89175137c58b4739e41fadff3c047e24b1d74a3b", size = 268937, upload-time = "2026-06-27T08:13:31.867Z" },
    { url = "https://files.pythonhosted.org/packages/54/18/fb2ad593572a33d1b6864b33047b8ca7269273a3c56107b5fd33e0b9c8fb/xxhash-3.8.0-cp312-cp312-musllinux_1_2_i686.whl", hash = "sha256:512eb937c9457e6057e230e005c4709dd2ab63a5989f854d69f31db905750a62", size = 224910, upload-time = "2026-06-27T08:13:33.659Z" },
    { url = "https://files.pythonhosted.org/packages/63/9e/b880f9ed61b73492e24bb962d76aeb63f18ccb895f0edfb52e20d45ed6f2/xxhash-3.8.0-cp312-cp312-musllinux_1_2_ppc64le.whl", hash = "sha256:4931ea93840f750a908efebaf23c71004feacc1a4649ef601b96d400a505c9a9", size = 240742, upload-time = "2026-06-27T08:13:35.237Z" },
    { url = "https://files.pythonhosted.org/packages/3f/89/fc682f93e54e486fc338b26a7d6d0d5cb0ab366269273c2608ac62b51afb/xxhash-3.8.0-cp312-cp312-musllinux_1_2_riscv64.whl", hash = "sha256:2fd4b60e8d9fc3923f39079f185b3425e6d76636fcb66d82a33dd7eba7c30f2f", size = 300527, upload-time = "2026-06-27T08:13:36.997Z" },
    { url = "https://files.pythonhosted.org/packages/80/71/a4b4122afb2d17ad69e0922cfeddb5ad5c25b02f37eed3dd3819d42e5f55/xxhash-3.8.0-cp312-cp312-musllinux_1_2_s390x.whl", hash = "sha256:1da00075f1605794298878cb587f7533329693e2a0c45bbd25d6353644add675", size = 443195, upload-time = "2026-06-27T08:13:38.719Z" },
    { url = "https://files.pythonhosted.org/packages/d5/e5/ed3930f5dc90f4b1bab5ac3be099e8b2e81c1262d85e4adb5f2758e30d23/xxhash-3.8.0-cp312-cp312-musllinux_1_2_x86_64.whl", hash = "sha256:ba73801c87d44fa37b2a5feab3004f0a654506027bf032ceb154d94bb74ea772", size = 217252, upload-time = "2026-06-27T08:13:41.179Z" },
    { url = "https://files.pythonhosted.org/packages/44/ae/128ea5794387ca54bb4084566db20dbdfc9c21cb17b67d3fcb403927b5ba/xxhash-3.8.0-cp312-cp312-win32.whl", hash = "sha256:0b0836dee6022e22ba516ebfa8f76c6e4bda08d6c166c553e40867bac89e4a54", size = 31890, upload-time = "2026-06-27T08:13:42.568Z" },
    { url = "https://files.pythonhosted.org/packages/4f/04/a6c182dc566c88e8d1a497d22cc4ffdcfcc0a9fa80325efa6cd4b9002c54/xxhash-3.8.0-cp312-cp312-win_amd64.whl", hash = "sha256:3bc2a09b98b8f85c75208cd2b2d2aecf40c77ecb2d72f6bf9757db51a98d3499", size = 32677, upload-time = "2026-06-27T08:13:43.705Z" },
    { url = "https://files.pythonhosted.org/packages/93/b5/aeda4e79f962c8d58ec60cb20a5abfe91c9f7d62e626f69f6659bc0bd0c4/xxhash-3.8.0-cp312-cp312-win_arm64.whl", hash = "sha256:208e6a8b93426896d803224e9fabe26f8b9c651e8381a80b1fa31812faa091e3", size = 29155, upload-time = "2026-06-27T08:13:44.903Z" },
    { url = "https://files.pythonhosted.org/packages/ec/1f/96f43c5c7c7c4d44721f8d2e5d74698c667a30283c4b10a7e50a56804ee3/xxhash-3.8.0-cp313-cp313-android_21_arm64_v8a.whl", hash = "sha256:36434c1d1b0a4729df1fa26ab11bffed1ba52666c0beb605c98a995b470cd143", size = 38508, upload-time = "2026-06-27T08:13:46.152Z" },
    { url = "https://files.pythonhosted.org/packages/1c/d9/7d5d6af4876c6481f2e0acb2dda64dd5209574bf7ba1ad4f6af7a1f8d473/xxhash-3.8.0-cp313-cp313-android_21_x86_64.whl", hash = "sha256:a5e6497cefcb2d67f1745c66df9718a99112583af6cc2b70da0312a2eb939f1e", size = 36542, upload-time = "2026-06-27T08:13:47.497Z" },
    { url = "https://files.pythonhosted.org/packages/32/ff/66fed439d78c5a09a1491a85af29bf8923b516530116731a9ac6b14dee2b/xxhash-3.8.0-cp313-cp313-ios_13_0_arm64_iphoneos.whl", hash = "sha256:5b00b82f1be708da9404fefd658cf5cf3be5ee3be2aae4bfe3b874255badd342", size = 31102, upload-time = "2026-06-27T08:13:48.721Z" },
    { url = "https://files.pythonhosted.org/packages/56/b8/9fae0399281095f8aca1f32b21947b3c3c75ad6021b255c5c6e4b11d3866/xxhash-3.8.0-cp313-cp313-ios_13_0_arm64_iphonesimulator.whl", hash = "sha256:38b0cb0ab7f283413b7cace2bf710d7cf8f702ea82cbc683908691d52028a89b", size = 32096, upload-time = "2026-06-27T08:13:50.138Z" },
    { url = "https://files.pythonhosted.org/packages/61/a4/e53d162c74a8a2950dc063969914387b0680da4c7c20ad17744ec03a3b0a/xxhash-3.8.0-cp313-cp313-ios_13_0_x86_64_iphonesimulator.whl", hash = "sha256:084312171a9798dea85e924b2674f5e1a44933050a1ea1cb1c6b1364e004c66c", size = 34585, upload-time = "2026-06-27T08:13:51.572Z" },
    { url = "https://files.pythonhosted.org/packages/69/f5/e12397e3f2c4917b6572e103a3277cd27cc56330e304bba61d195d7e5224/xxhash-3.8.0-cp313-cp313-macosx_10_13_x86_64.whl", hash = "sha256:6a1a9e845bd3bbc57d9356819e0d198fe23282e0576b398a6282a0f8fdc75aef", size = 34622, upload-time = "2026-06-27T08:13:52.818Z" },
    { url = "https://files.pythonhosted.org/packages/70/80/c053dc51af5c942229689a0e9cb66fdc999bbd840f645e761f5ab73cbb17/xxhash-3.8.0-cp313-cp313-macosx_11_0_arm64.whl", hash = "sha256:9ffbde09743ebaf8957b8426948fbe85eab5e5de0d29eec407fcff5a2812a3cc", size = 32320, upload-time = "2026-06-27T08:13:54.04Z" },
    { url = "https://files.pythonhosted.org/packages/f8/a3/294171b67dfe770e1293edcf2a3f7e41302cdb8aefb258585312191b3ffe/xxhash-3.8.0-cp313-cp313-manylinux1_i686.manylinux_2_28_i686.manylinux_2_5_i686.whl", hash = "sha256:a6dee3952c2b6e82e7f1dbc5dbc6167f9c84126851def7926e32827c2816169c", size = 220532, upload-time = "2026-06-27T08:13:55.448Z" },
    { url = "https://files.pythonhosted.org/packages/80/c3/d141bfdeca785c8c680abf867d4b52a5e64a55d90df242c3141a3e58c4b2/xxhash-3.8.0-cp313-cp313-manylinux2014_aarch64.manylinux_2_17_aarch64.manylinux_2_28_aarch64.whl", hash = "sha256:bf8ff8e12416c9fa05b43c7509b9332d6ffc4090413c4e7a1dee8599763b6d59", size = 241215, upload-time = "2026-06-27T08:13:57.047Z" },
    { url = "https://files.pythonhosted.org/packages/09/5a/aeaf35143a6f3d44db73298e861405bdd9c9dacaedfc369cb43d9fd65282/xxhash-3.8.0-cp313-cp313-manylinux2014_armv7l.manylinux_2_17_armv7l.manylinux_2_31_armv7l.whl", hash = "sha256:cebbb322df4d97d8ef2704f49ed2f6f21f6702fafa0dc0c2a6ae70e904205689", size = 264615, upload-time = "2026-06-27T08:13:58.912Z" },
    { url = "https://files.pythonhosted.org/packages/bf/3e/f8ca782bb34f99693faab70a7989bcc84f62ffe93c9a4cca464a33507a4b/xxhash-3.8.0-cp313-cp313-manylinux2014_ppc64le.manylinux_2_17_ppc64le.manylinux_2_28_ppc64le.whl", hash = "sha256:9a8d08707b4100ebce598fc59fadf04b42d79b855818d6994f8f0fffd1df8edb", size = 242682, upload-time = "2026-06-27T08:14:00.483Z" },
    { url = "https://files.pythonhosted.org/packages/d4/fa/ddbee4ff1542c2e88e72269a5a6bd18c3f26a80c2514e0918f5d1f3e9ec5/xxhash-3.8.0-cp313-cp313-manylinux2014_s390x.manylinux_2_17_s390x.manylinux_2_28_s390x.whl", hash = "sha256:cf5427602dda15d8ce3c6d870d29bf07d43975f59c9d6d3f7f6f93a901b28b12", size = 473551, upload-time = "2026-06-27T08:14:02.17Z" },
    { url = "https://files.pythonhosted.org/packages/25/f5/a680d48dddab37ab2fd9189ca03f775e29e3627122e30790816d7eb365af/xxhash-3.8.0-cp313-cp313-manylinux2014_x86_64.manylinux_2_17_x86_64.manylinux_2_28_x86_64.whl", hash = "sha256:97d7bd715ea5050b6c9638b52c62adf3055b648ef6eee6892a4cd9697b530191", size = 220485, upload-time = "2026-06-27T08:14:03.765Z" },
    { url = "https://files.pythonhosted.org/packages/22/b1/7ac129b74981c07f1ff9c649f204465e86f83f9f29b2ebdc70d91514c365/xxhash-3.8.0-cp313-cp313-manylinux_2_31_riscv64.manylinux_2_39_riscv64.whl", hash = "sha256:0cd25bbbab37d898f6e5a90905ce6ae2c1f8bd6668c07cef406fb3e8c8c570dd", size = 310307, upload-time = "2026-06-27T08:14:05.366Z" },
    { url = "https://files.pythonhosted.org/packages/67/e6/43e673411249dd63f6cd974523a1b32fad75cf5453e363bc8f44af215fb9/xxhash-3.8.0-cp313-cp313-musllinux_1_2_aarch64.whl", hash = "sha256:3e30e5c057f483c3c53a11b53eba091a737cb19dfead36c8b23bf5beb4a169cd", size = 238164, upload-time = "2026-06-27T08:14:07.149Z" },
    { url = "https://files.pythonhosted.org/packages/e5/95/87f8baf41f63130f3637104b7a610f82b20106332fc6e289c8dbf7955d0e/xxhash-3.8.0-cp313-cp313-musllinux_1_2_armv7l.whl", hash = "sha256:07dd44d992ebd456752bc25b1c42cd172d94bd8cb24049300449ad0716081c3a", size = 269062, upload-time = "2026-06-27T08:14:08.834Z" },
    { url = "https://files.pythonhosted.org/packages/38/c9/3369b497cd1f926b930c52fd2400606f177790d887b49f9e86bddcc24562/xxhash-3.8.0-cp313-cp313-musllinux_1_2_i686.whl", hash = "sha256:3118600a3102d4707dc1c485dbc3acbbbf37819069ad3e7854e77b923745d76b", size = 225007, upload-time = "2026-06-27T08:14:10.689Z" },
    { url = "https://files.pythonhosted.org/packages/34/c8/03dceb86a8128858ac105bd6e282d62b3db6fd421a79bd8a9f6b8cdc47a7/xxhash-3.8.0-cp313-cp313-musllinux_1_2_ppc64le.whl", hash = "sha256:7ed37b0c95d8fb3fbaad5e13cc0a9727eb8739d1d54b2adef28108c250cada3a", size = 240815, upload-time = "2026-06-27T08:14:12.195Z" },
    { url = "https://files.pythonhosted.org/packages/47/a5/ebd43eeb1af1dd8f0201943688b20958e99d3f6eb36481fb8c37b55ef139/xxhash-3.8.0-cp313-cp313-musllinux_1_2_riscv64.whl", hash = "sha256:bb043da412e478e7b1db3407051124b85b133803794d3809ad6d92870b304fc7", size = 300632, upload-time = "2026-06-27T08:14:13.916Z" },
    { url = "https://files.pythonhosted.org/packages/df/24/c873e41a3c00dacc385c8ff08c007723f6a528922c1cea7fd9684e86dae7/xxhash-3.8.0-cp313-cp313-musllinux_1_2_s390x.whl", hash = "sha256:196fc132683d9311a0bdce8388ee52bfa07fdc1987cc428a27956e47ccd7b50d", size = 443293, upload-time = "2026-06-27T08:14:15.446Z" },
    { url = "https://files.pythonhosted.org/packages/4f/1b/c671272fe28f70574e3c574d58465f26460154bcc68876121872afa1c14d/xxhash-3.8.0-cp313-cp313-musllinux_1_2_x86_64.whl", hash = "sha256:dfb5411af3b77c75e99db100aa15c5ba623c85d72c565e4d7a0ed1a986ff766e", size = 217327, upload-time = "2026-06-27T08:14:17.28Z" },
    { url = "https://files.pythonhosted.org/packages/57/43/b45a52f795812cb769b6ac159e69b605d18b1c067749e63dcac159e90064/xxhash-3.8.0-cp313-cp313-win32.whl", hash = "sha256:6d1d6179e26830c6690fac63f76d372f69714b977e12ca9c42188a60f51c59f5", size = 31898, upload-time = "2026-06-27T08:14:18.952Z" },
    { url = "https://files.pythonhosted.org/packages/a1/42/2bd70e4eec25dc5990652979d708d4d7c999793d7d5af5d0e48ab4374dc1/xxhash-3.8.0-cp313-cp313-win_amd64.whl", hash = "sha256:7c92427a56a12f4d5c7bb26dbb9e9a4658c313ecb6c2f1dca349902e3822df07", size = 32680, upload-time = "2026-06-27T08:14:20.277Z" },
    { url = "https://files.pythonhosted.org/packages/d5/c8/2fe61edb6144183cf094035a8c5354c65a073127acf6379655ed1e705b70/xxhash-3.8.0-cp313-cp313-win_arm64.whl", hash = "sha256:9fc8453642c1c6d38b4fbac8901c2452ce1fa88b27f003bfee6703cbfae9bd63", size = 29157, upload-time = "2026-06-27T08:14:21.674Z" },
    { url = "https://files.pythonhosted.org/packages/b9/b8/81d17a993b9a4750ba426ce966421681bb4b8e82a460cd346756491b8cc2/xxhash-3.8.0-cp313-cp313t-macosx_10_13_x86_64.whl", hash = "sha256:efcacb644a915f010dc477447b045e5dcde1afaa40d16b2f0f8e7cd99c9e1635", size = 34897, upload-time = "2026-06-27T08:14:23.044Z" },
    { url = "https://files.pythonhosted.org/packages/bb/3b/f5a368e3273440b3ea58fbd3f0b08c19f552b25ca59f43f5732ca96d2126/xxhash-3.8.0-cp313-cp313t-macosx_11_0_arm64.whl", hash = "sha256:d1e0dbc510cff94c5efbcc2b82c28b41519fad09b5b1f9f3d99c63e3940e49a0", size = 32630, upload-time = "2026-06-27T08:14:24.603Z" },
    { url = "https://files.pythonhosted.org/packages/a6/ab/f424359c91c55f564fbbe4e454a126eb522471109f67376f20ad19c5e663/xxhash-3.8.0-cp313-cp313t-manylinux1_i686.manylinux_2_28_i686.manylinux_2_5_i686.whl", hash = "sha256:ff19d016a41c90d1f519005887191896b6da1274e1d5d48b347e17eb798ffc5a", size = 225874, upload-time = "2026-06-27T08:14:25.992Z" },
    { url = "https://files.pythonhosted.org/packages/ac/c2/434579ef9235123b6c9bfa89c5614e0001e988613b91557b24aa326d9faa/xxhash-3.8.0-cp313-cp313t-manylinux2014_aarch64.manylinux_2_17_aarch64.manylinux_2_28_aarch64.whl", hash = "sha256:aafc3eab99c50508852e34307e9565933bf128cad084cac7d2471b7ab1743de0", size = 249705, upload-time = "2026-06-27T08:14:27.607Z" },
    { url = "https://files.pythonhosted.org/packages/c0/6c/3c0c917331ca3c71f826cedce2127f230624e2b49b992472dd5e9e72101c/xxhash-3.8.0-cp313-cp313t-manylinux2014_armv7l.manylinux_2_17_armv7l.manylinux_2_31_armv7l.whl", hash = "sha256:5e521368ed79ae6c4d31e1e417726643c49d7d6e286f4fdabf9a8330ed8a8ff7", size = 274716, upload-time = "2026-06-27T08:14:29.495Z" },
    { url = "https://files.pythonhosted.org/packages/c1/f3/a8bb98d3307c67e88be9642dff52854c3de3f488f95989b60ff69c8dcc42/xxhash-3.8.0-cp313-cp313t-manylinux2014_ppc64le.manylinux_2_17_ppc64le.manylinux_2_28_ppc64le.whl", hash = "sha256:6a0127688d116ec0c225e7e1f744e3f206de2b8822ffeb31a9ab5cc6384f92c5", size = 252019, upload-time = "2026-06-27T08:14:31.247Z" },
    { url = "https://files.pythonhosted.org/packages/f7/73/fab69a2e5b6353dde643209fe9b6adf4fbd64c888e531deffc476bfb2635/xxhash-3.8.0-cp313-cp313t-manylinux2014_s390x.manylinux_2_17_s390x.manylinux_2_28_s390x.whl", hash = "sha256:22c0b17da2f9fea0f8836538512249871b359141616bad44c58d238b5f011f40", size = 482024, upload-time = "2026-06-27T08:14:32.973Z" },
    { url = "https://files.pythonhosted.org/packages/a3/5b/ba34099b5278097ec9c68c0b740719813553bfd11ca17e7353de6d2a41e3/xxhash-3.8.0-cp313-cp313t-manylinux2014_x86_64.manylinux_2_17_x86_64.manylinux_2_28_x86_64.whl", hash = "sha256:3d49465646b1a5e3b1729c5f636e05676a2fb52e203e3b22a5411c416c4c5302", size = 226655, upload-time = "2026-06-27T08:14:34.608Z" },
    { url = "https://files.pythonhosted.org/packages/76/0c/90aba4708a37fe752b324a7cbf10058eaa33e892cdd62751ff17a5137b93/xxhash-3.8.0-cp313-cp313t-manylinux_2_31_riscv64.manylinux_2_39_riscv64.whl", hash = "sha256:c2853dea1e30ed00ca87dd87d76da5da063d302b823b3fb80ccd18421de0f251", size = 319583, upload-time = "2026-06-27T08:14:36.419Z" },
    { url = "https://files.pythonhosted.org/packages/38/46/42e349e2d3017b2688f4cb301742c37c438e77963e3fef711edce2fc5c65/xxhash-3.8.0-cp313-cp313t-musllinux_1_2_aarch64.whl", hash = "sha256:82f0102a2a3760287b7cd7f9e0a30edd4c3b18762ed1a242208d43c8e2bcf30b", size = 246000, upload-time = "2026-06-27T08:14:38.104Z" },
    { url = "https://files.pythonhosted.org/packages/ee/15/741b947ae3c768e82018c46846f8616f6aa9b5042649f318a1a6897defe3/xxhash-3.8.0-cp313-cp313t-musllinux_1_2_armv7l.whl", hash = "sha256:b8414a66a7524596d841cad5dc1adab6ce76848db5ab2b83db911fbdab1417af", size = 275455, upload-time = "2026-06-27T08:14:39.841Z" },
    { url = "https://files.pythonhosted.org/packages/c6/b4/a9db84c9458fc8f53eaf0051377d1e9eecd9f330fb1225640027417a309d/xxhash-3.8.0-cp313-cp313t-musllinux_1_2_i686.whl", hash = "sha256:0dbaa73df10414ea1e41b98691a9d8241d4c47ad8d02c726587a3cda05278e53", size = 231209, upload-time = "2026-06-27T08:14:41.543Z" },
    { url = "https://files.pythonhosted.org/packages/20/92/60a868cd34851746d0b0d95dced0f42867c7c00606f6e5dba85b70b232ce/xxhash-3.8.0-cp313-cp313t-musllinux_1_2_ppc64le.whl", hash = "sha256:43fc9aaba10ab4267c90793601f60d35c3c9caa1544eceb483618a71ad9ce7da", size = 250416, upload-time = "2026-06-27T08:14:43.193Z" },
    { url = "https://files.pythonhosted.org/packages/7a/6a/168ca46a4679c32aae9246caa1fddf35981d6304487e45e992b3d4530324/xxhash-3.8.0-cp313-cp313t-musllinux_1_2_riscv64.whl", hash = "sha256:ec5eb3d28fbb9802c6d2526f772133a06c91d6f03756fcc67c834b642ffdd51d", size = 309764, upload-time = "2026-06-27T08:14:44.79Z" },
    { url = "https://files.pythonhosted.org/packages/18/0b/13646b348c07679c818791ab2d35415db5cb20f3bc77daaa255909a401b4/xxhash-3.8.0-cp313-cp313t-musllinux_1_2_s390x.whl", hash = "sha256:2b77c301b644cd9b4d0749a3291081ec2048a6bef7fe0487c993bbba3efb9ce0", size = 448650, upload-time = "2026-06-27T08:14:46.562Z" },
    { url = "https://files.pythonhosted.org/packages/59/9a/3d244b2acf6bbd86a363817ee09084b4684e8e11840663e19869e9e0d952/xxhash-3.8.0-cp313-cp313t-musllinux_1_2_x86_64.whl", hash = "sha256:d7ece11a132325353890a144c30119073617a1299c593ca29b96c315b07e1edd", size = 223572, upload-time = "2026-06-27T08:14:48.294Z" },
    { url = "https://files.pythonhosted.org/packages/6f/c7/143410d026a6e0d86dc69037ec2a3b8db810a54e7f443b340ac17612be2e/xxhash-3.8.0-cp313-cp313t-win32.whl", hash = "sha256:b21db84df7b9d54d9e4195a964243c1b32d745c6fbc0cfcfffee1d4bd297196a", size = 32301, upload-time = "2026-06-27T08:14:49.687Z" },
    { url = "https://files.pythonhosted.org/packages/6c/db/2240b0638161637b2f310231748a7a6a06c79fb43a3adb34c96f359762bf/xxhash-3.8.0-cp313-cp313t-win_amd64.whl", hash = "sha256:0643b7d9f598f6da6f1f6b899f4358250d0fb853242e2d712cbde27bf5a99d29", size = 33221, upload-time = "2026-06-27T08:14:51.404Z" },
    { url = "https://files.pythonhosted.org/packages/e0/d8/52038e4fa5baf4f00654a225516168d02908edfec7ca104fbefc58af394f/xxhash-3.8.0-cp313-cp313t-win_arm64.whl", hash = "sha256:4bbacf2e938526969f8ab3334d4ac3da14ea059e1dfd1339a92f9091467e750f", size = 29294, upload-time = "2026-06-27T08:14:52.778Z" },
    { url = "https://files.pythonhosted.org/packages/e5/ef/a09907aa28bdcdf6810d5c26656b154c60c0f06bb8db8442a1192d9c227a/xxhash-3.8.0-cp314-cp314-android_24_arm64_v8a.whl", hash = "sha256:557e2a7cc0b6a634cf9c8e5c975d96b7da796fdeb1824569d760cf0f25b6f33f", size = 38365, upload-time = "2026-06-27T08:14:54.166Z" },
    { url = "https://files.pythonhosted.org/packages/d2/4d/d991ff77bc489c2231025e64e570502156d573c7bff69c917589cc307089/xxhash-3.8.0-cp314-cp314-android_24_x86_64.whl", hash = "sha256:dad744d1613cbfddb844dad93adbffbd51c3e9f53ceea9568f7c3b94bedc19a4", size = 36477, upload-time = "2026-06-27T08:14:55.427Z" },
    { url = "https://files.pythonhosted.org/packages/cc/0e/553eab001f1e274da73da074968cdc8be8cacfb318937ab9871b8e1909cb/xxhash-3.8.0-cp314-cp314-ios_13_0_arm64_iphoneos.whl", hash = "sha256:953f29b22c04b123cf3cd2e08bccde3a73184aeda5a1038e0054cb3355644120", size = 31116, upload-time = "2026-06-27T08:14:56.897Z" },
    { url = "https://files.pythonhosted.org/packages/55/d5/d0f4dbe7b4d9ce0125f16e45ec0be5e04f6a172edb4e2fa551c4f2eb5d7a/xxhash-3.8.0-cp314-cp314-ios_13_0_arm64_iphonesimulator.whl", hash = "sha256:aa699e0253ceffecf41cae858d0a11f2439d6874a0890b556387bffe11dc1c08", size = 32112, upload-time = "2026-06-27T08:14:58.126Z" },
    { url = "https://files.pythonhosted.org/packages/2e/2f/b332c7bede6a676343f2c9c8dea233c8c82753eaeda6f7a2c321d8c58ca3/xxhash-3.8.0-cp314-cp314-ios_13_0_x86_64_iphonesimulator.whl", hash = "sha256:e232c82466babc13e956d53aa84d0149660ed6886bc195248bb4d03bf2eca301", size = 34618, upload-time = "2026-06-27T08:14:59.458Z" },
    { url = "https://files.pythonhosted.org/packages/b3/5b/2bf3c9e61c7cf8f53bce937af45e22b72bb1f224d5afb20352beba0d628d/xxhash-3.8.0-cp314-cp314-macosx_10_15_x86_64.whl", hash = "sha256:7f75fd1c6a5028f345cd4a8c52f4774d2e5b7809fa58111c60a5502b528914a4", size = 34739, upload-time = "2026-06-27T08:15:00.863Z" },
    { url = "https://files.pythonhosted.org/packages/64/b6/e88521f5736c181b89bfb7ab756f0ca658a8a1ecece7277b75e167717614/xxhash-3.8.0-cp314-cp314-macosx_11_0_arm64.whl", hash = "sha256:b49d7e09b211a1ad658dbe2dbf6561eb92f2e6926bd1101e2d023178371f2d6f", size = 32332, upload-time = "2026-06-27T08:15:02.383Z" },
    { url = "https://files.pythonhosted.org/packages/ed/a2/fba440739fa5f86d2c28738c202e88d3dd063290c8bbb20e183c5334456a/xxhash-3.8.0-cp314-cp314-manylinux1_i686.manylinux_2_28_i686.manylinux_2_5_i686.whl", hash = "sha256:ceb702bc8e56b7f1f1413d42aa294045b9a0e4c9888e07edc5cd153e8c4c948f", size = 220479, upload-time = "2026-06-27T08:15:03.785Z" },
    { url = "https://files.pythonhosted.org/packages/2c/1c/4a1639efec16416695d6c7bc6b224d3f607e0b8cbe2409fa81081a849d1c/xxhash-3.8.0-cp314-cp314-manylinux2014_aarch64.manylinux_2_17_aarch64.manylinux_2_28_aarch64.whl", hash = "sha256:b4f3c96e06bdb122e8cc84f5c7088579f3102b828efd62e9dc964a9d17c7b89e", size = 241409, upload-time = "2026-06-27T08:15:05.439Z" },
    { url = "https://files.pythonhosted.org/packages/92/d1/8ce471f8d6752384f972fd5f6363f2e8d8b867a89fbd724c6dbd91d2bb98/xxhash-3.8.0-cp314-cp314-manylinux2014_armv7l.manylinux_2_17_armv7l.manylinux_2_31_armv7l.whl", hash = "sha256:415a8d06ac9bea36b1e06b603a347e0f62401042a97d7bfccec8ae2da12ad784", size = 264433, upload-time = "2026-06-27T08:15:07.027Z" },
    { url = "https://files.pythonhosted.org/packages/95/77/400a281683fd39c54e2ac497fa67bdf886baaadb8c0ba58f7e1ea1d7692e/xxhash-3.8.0-cp314-cp314-manylinux2014_ppc64le.manylinux_2_17_ppc64le.manylinux_2_28_ppc64le.whl", hash = "sha256:7f5ccdd2deb5dce31201cc0eec94388cce97e681429073db50903fab0a0a8a0d", size = 242835, upload-time = "2026-06-27T08:15:08.703Z" },
    { url = "https://files.pythonhosted.org/packages/aa/a6/edda651cfa0ba8e921791e93468fae655b63894d89730fcbfe46704f0d0a/xxhash-3.8.0-cp314-cp314-manylinux2014_s390x.manylinux_2_17_s390x.manylinux_2_28_s390x.whl", hash = "sha256:1a6cf81bc699d3a5ebfcf2fdb2a7bd2e096708d7de193f6f322944a02ba00953", size = 473800, upload-time = "2026-06-27T08:15:10.503Z" },
    { url = "https://files.pythonhosted.org/packages/dd/da/50f764ec6a93d3961fce294567e41bfca0e66d168deed354a3dc90ebeba6/xxhash-3.8.0-cp314-cp314-manylinux2014_x86_64.manylinux_2_17_x86_64.manylinux_2_28_x86_64.whl", hash = "sha256:e4d12a04d7ffc0359f0eadc4535a53cab113044c8d2f262c7e9a56950a5ed50e", size = 220677, upload-time = "2026-06-27T08:15:12.622Z" },
    { url = "https://files.pythonhosted.org/packages/bb/49/9fe4ed5aac6f38629cc83b34f84748b83ad8295a578ec6a49d8bf896cafb/xxhash-3.8.0-cp314-cp314-manylinux_2_31_riscv64.manylinux_2_39_riscv64.whl", hash = "sha256:d209373fcb66138c652cf843385ee60866e50158a7869bbbf8b322d9a822b765", size = 310385, upload-time = "2026-06-27T08:15:14.384Z" },
    { url = "https://files.pythonhosted.org/packages/83/f5/1147e03c0553ed22bbae9ce47503c37ee0c5f95592aae10f339c25f61de9/xxhash-3.8.0-cp314-cp314-musllinux_1_2_aarch64.whl", hash = "sha256:b88a3fe28277811e599efa6e1c96abce8a77d60dd79c94da7a9b5c377c172b7b", size = 238330, upload-time = "2026-06-27T08:15:16.201Z" },
    { url = "https://files.pythonhosted.org/packages/b8/d8/92daf66c1966c84da5c97a06ced1480208d3a3bd465cb0630565ec00d1b9/xxhash-3.8.0-cp314-cp314-musllinux_1_2_armv7l.whl", hash = "sha256:5d5a888a5ef997cb35f1aad346eb861cd87ecfe24f5e25d5aa4c9fd1bd3950c2", size = 268667, upload-time = "2026-06-27T08:15:18.064Z" },
    { url = "https://files.pythonhosted.org/packages/bd/c0/080c1a92972667e183c04b03f33c877f8ec61cfa3570e61731077286648d/xxhash-3.8.0-cp314-cp314-musllinux_1_2_i686.whl", hash = "sha256:de2836e0329c01555957a603dcd113c337c577081153d691c12a51c5be3282b0", size = 224934, upload-time = "2026-06-27T08:15:19.972Z" },
    { url = "https://files.pythonhosted.org/packages/d9/d5/cbc4e5b2bee10c94cba05b5bb2b8033e7ef44ae742583fdafcd9188e33ed/xxhash-3.8.0-cp314-cp314-musllinux_1_2_ppc64le.whl", hash = "sha256:4bc74eedb0dd5827b3be748bacf9fdb50004037a3e16c7ddb5defae2682cef71", size = 240870, upload-time = "2026-06-27T08:15:22.04Z" },
    { url = "https://files.pythonhosted.org/packages/76/f7/09679b00e192b741b65c230440c4f7e6df3251a9ad427a518ddf262ec71a/xxhash-3.8.0-cp314-cp314-musllinux_1_2_riscv64.whl", hash = "sha256:c571b03d59e339b010dc84f15a6f1cff80212f3a3116c2a71e2303c95065b1f6", size = 300683, upload-time = "2026-06-27T08:15:23.647Z" },
    { url = "https://files.pythonhosted.org/packages/5f/1b/f43ec36e8c6a20c77be0bcca23f0b133ed8a0312681500d1676eebd71924/xxhash-3.8.0-cp314-cp314-musllinux_1_2_s390x.whl", hash = "sha256:87626acdd6e2d762c588a4ffe94258c5ef34fb6049a4a3b25019bdb7f9267a9b", size = 443407, upload-time = "2026-06-27T08:15:25.504Z" },
    { url = "https://files.pythonhosted.org/packages/45/2e/a3e3a779c5e4789daf975e05cc1c7f11bae724a03855120029d4592c8e63/xxhash-3.8.0-cp314-cp314-musllinux_1_2_x86_64.whl", hash = "sha256:076d8a4fb290af952826922aa42a46bfc64caa31662ce4e2925a445d0e6ce57f", size = 217559, upload-time = "2026-06-27T08:15:27.234Z" },
    { url = "https://files.pythonhosted.org/packages/44/da/1c1e078ac290afff304a541a2a60965beb369ad65b4f30ec93ea1e0b7210/xxhash-3.8.0-cp314-cp314-win32.whl", hash = "sha256:52f8c7c9833d947e60df830671f6eca810d7c667051243985a561c79f1a3d545", size = 32602, upload-time = "2026-06-27T08:15:28.809Z" },
    { url = "https://files.pythonhosted.org/packages/d7/7a/d455cb83d5e3c94046234294fb5dbbe5da600d1bbdf76b9527756920cce9/xxhash-3.8.0-cp314-cp314-win_amd64.whl", hash = "sha256:4fbfcb7dd307e23189a71050f6e27746926590330f37d5fd2ffcb8ea78de1f42", size = 33393, upload-time = "2026-06-27T08:15:30.166Z" },
    { url = "https://files.pythonhosted.org/packages/89/8f/1b14471f617bc96edbb9566099a162d918a981381c398114726cc600b76c/xxhash-3.8.0-cp314-cp314-win_arm64.whl", hash = "sha256:ecef1e65b4715c7326002073763fe94cc44c756a0698508abb915ab3d6be6e3d", size = 30007, upload-time = "2026-06-27T08:15:31.634Z" },
    { url = "https://files.pythonhosted.org/packages/11/8d/51ad2f9f784121c8057ef1ba36362f58d4595cbcad16322941f5b73eb53d/xxhash-3.8.0-cp314-cp314t-macosx_10_15_x86_64.whl", hash = "sha256:02ed856a765cb6e006168595d9455ac8c3c4d60cc04cd47a158a1ac677d68f0f", size = 34957, upload-time = "2026-06-27T08:15:33.292Z" },
    { url = "https://files.pythonhosted.org/packages/1b/14/175c573ae4fac48bf21a82e5b9ceec75d64c520c51ca08de3105de539438/xxhash-3.8.0-cp314-cp314t-macosx_11_0_arm64.whl", hash = "sha256:eec30461a7b457611098ba7ab09363e36c8b2645b4687fb6f3d405bb646e3410", size = 32635, upload-time = "2026-06-27T08:15:34.766Z" },
    { url = "https://files.pythonhosted.org/packages/96/08/f83efabd350a50c31c851b88891e318a6f07bdbf40a43d0f7bb6cedade7f/xxhash-3.8.0-cp314-cp314t-manylinux1_i686.manylinux_2_28_i686.manylinux_2_5_i686.whl", hash = "sha256:b471744912d1ce5dd6d3975b7525e77518359ebf3aa1bd7d501e199f5ae488ea", size = 225969, upload-time = "2026-06-27T08:15:36.35Z" },
    { url = "https://files.pythonhosted.org/packages/7c/78/2b6d12da9cf572c84d93b88ecbf9bf6539a7c5219bde128b214396b97c8b/xxhash-3.8.0-cp314-cp314t-manylinux2014_aarch64.manylinux_2_17_aarch64.manylinux_2_28_aarch64.whl", hash = "sha256:3748d71202bf3f279e77cb8b273b6d0f29d1bcaefb6ce6cb03b95f358863ba37", size = 249851, upload-time = "2026-06-27T08:15:38.087Z" },
    { url = "https://files.pythonhosted.org/packages/d0/0a/755eeb1882634983b24e6375a95ed233228dc48f0ef12655388bf3c7eeaf/xxhash-3.8.0-cp314-cp314t-manylinux2014_armv7l.manylinux_2_17_armv7l.manylinux_2_31_armv7l.whl", hash = "sha256:3b3bf59ea94b2a23b0f992769804ab9401d5cdcd9df0062fe2cd78a491ae8851", size = 274842, upload-time = "2026-06-27T08:15:39.808Z" },
    { url = "https://files.pythonhosted.org/packages/77/f2/09b1231cad17c314e51664c4a004c919108ec59aba10f9a28fa061e7b8be/xxhash-3.8.0-cp314-cp314t-manylinux2014_ppc64le.manylinux_2_17_ppc64le.manylinux_2_28_ppc64le.whl", hash = "sha256:40f061aa5379eba249e9367b179515571e632be6d1b6f55ac139e6fe3d08463c", size = 252218, upload-time = "2026-06-27T08:15:42.105Z" },
    { url = "https://files.pythonhosted.org/packages/b2/24/de756d55547953494eb6775aea92e258035647b3ecb8547618cd549001e1/xxhash-3.8.0-cp314-cp314t-manylinux2014_s390x.manylinux_2_17_s390x.manylinux_2_28_s390x.whl", hash = "sha256:680d70896a61fc920cc717a0a8fe8a9fb5858c563184666e31874caa54a16d9e", size = 482135, upload-time = "2026-06-27T08:15:44.476Z" },
    { url = "https://files.pythonhosted.org/packages/e5/63/b8147633e32f98ef2b4bb0dfca82f0f63e2b02ff179f20664af64c4216a7/xxhash-3.8.0-cp314-cp314t-manylinux2014_x86_64.manylinux_2_17_x86_64.manylinux_2_28_x86_64.whl", hash = "sha256:14973fbdee136588e57447401b521f466a42faca41eecdf35123c73103512ca8", size = 226776, upload-time = "2026-06-27T08:15:46.597Z" },
    { url = "https://files.pythonhosted.org/packages/29/37/ba051d8f0380d3cf845b23ba058a17d32025846463eb6bf885887fc8effe/xxhash-3.8.0-cp314-cp314t-manylinux_2_31_riscv64.manylinux_2_39_riscv64.whl", hash = "sha256:96c6bca2486cdc58b125966817a92a6abe6ef1fab86b2f8798a7e93488782540", size = 319738, upload-time = "2026-06-27T08:15:48.394Z" },
    { url = "https://files.pythonhosted.org/packages/4f/6f/36e0a27dd27ffa3f7b521650cbcd52a00fb86b71343ffadb642374e8263c/xxhash-3.8.0-cp314-cp314t-musllinux_1_2_aarch64.whl", hash = "sha256:0b1109ae238e932d8482f9cb568b56a405cc73bc7a36b837844087f1298dd218", size = 246136, upload-time = "2026-06-27T08:15:50.981Z" },
    { url = "https://files.pythonhosted.org/packages/fe/73/2663dbf4c09386a9dcc8a94d7a14b4609ed4bad8180ced5b848e60a9b660/xxhash-3.8.0-cp314-cp314t-musllinux_1_2_armv7l.whl", hash = "sha256:1da5db0863400eade7c5a31969754d1392189f26b4105f6631da2c6c7ea3bccc", size = 275568, upload-time = "2026-06-27T08:15:52.735Z" },
    { url = "https://files.pythonhosted.org/packages/d6/58/f3ce1bc3bb3971191f6521273ddae98d3c610bcefbbed5327c3b3627c12f/xxhash-3.8.0-cp314-cp314t-musllinux_1_2_i686.whl", hash = "sha256:c61b5a0f21ace5e886f177cce43826d85a7c84e35a9e17cb6d1b4ac0b7a7d833", size = 231314, upload-time = "2026-06-27T08:15:54.73Z" },
    { url = "https://files.pythonhosted.org/packages/4d/51/835706a36cdc00e5b638fba9b22218b3d40d23a7677c923feca8a3f55b98/xxhash-3.8.0-cp314-cp314t-musllinux_1_2_ppc64le.whl", hash = "sha256:1db4f27835a450c7e729bc9330c6e702113711cea1f873d646e3a31fe96a9732", size = 250521, upload-time = "2026-06-27T08:15:56.853Z" },
    { url = "https://files.pythonhosted.org/packages/c1/47/b0b62caa3caee58ab9de8969f66aef1c3729886f3ff60e173fda3f2762be/xxhash-3.8.0-cp314-cp314t-musllinux_1_2_riscv64.whl", hash = "sha256:4788a470f946df34383abc6cd345088c13f897a5ee580c4cdd12b1d32ad218ef", size = 309926, upload-time = "2026-06-27T08:15:58.704Z" },
    { url = "https://files.pythonhosted.org/packages/69/c4/60e6d18a0e131c7af622374af9deede15d3c47d8e5e7221933481b57b319/xxhash-3.8.0-cp314-cp314t-musllinux_1_2_s390x.whl", hash = "sha256:3b6dfa83096cb1e54d082acebaf67f0c42667c56dc48ba536a76cac08d46391e", size = 448812, upload-time = "2026-06-27T08:16:00.619Z" },
    { url = "https://files.pythonhosted.org/packages/12/9f/c9627daa052be39a932d0e17c6bf6a9041d2cde3afacbded9196acf70261/xxhash-3.8.0-cp314-cp314t-musllinux_1_2_x86_64.whl", hash = "sha256:57ec0ba5299a9a7df376063c139f5826ff0c89b438703939af3d252c31ca96a4", size = 223639, upload-time = "2026-06-27T08:16:02.784Z" },
    { url = "https://files.pythonhosted.org/packages/a9/38/92916e008a84c1f1a9aef82e4363cdc478a722ff69e59c6afbf93d3d1fda/xxhash-3.8.0-cp314-cp314t-win32.whl", hash = "sha256:d9a61f23b999baeb84102aba767b1b3e94958eab94e6c11b08927e7dc4200795", size = 33078, upload-time = "2026-06-27T08:16:04.639Z" },
    { url = "https://files.pythonhosted.org/packages/31/7c/e413bc75121d9628bf023b2ed251411ca3a447cf00cd9aa3438ab17f6c67/xxhash-3.8.0-cp314-cp314t-win_amd64.whl", hash = "sha256:61069b260fff84116235bb93845f319284dc6b42527c215af59264f4c2ee3468", size = 33953, upload-time = "2026-06-27T08:16:06.347Z" },
    { url = "https://files.pythonhosted.org/packages/f6/eb/21a96e218375bd8b6ecd6d07cf60c8ff1a046e93cdedc3cf7bc3309edf7b/xxhash-3.8.0-cp314-cp314t-win_arm64.whl", hash = "sha256:73cecd431b4f572d38fcf1a7fe85b30eb987778ef9e7a70bc9ffcf2d64810e6f", size = 30164, upload-time = "2026-06-27T08:16:08.009Z" },
]
